
Microsoft Visual Studio Solution File, Format Version 12.00
# Visual Studio Version 17
VisualStudioVersion = 17.14.36915.13
MinimumVisualStudioVersion = 10.0.40219.1
Project("{FAE04EC0-301F-11D3-BF4B-00C04F79EFBC}") = "KAgent.MAF", "kagent-maf\src\KAgent.MAF.csproj", "{954F3954-0DAD-31FF-359A-DDAAA541E211}"
EndProject
Project("{FAE04EC0-301F-11D3-BF4B-00C04F79EFBC}") = "KAgent.Core", "core\KAgent.Core.csproj", "{D7DFDE30-488F-CE8B-D5C8-3671493B9C7D}"
EndProject
Project("{2150E333-8FDC-42A3-9474-1A3956D46DE8}") = "core", "core", "{02EA681E-C7D8-13C7-8484-4AC65E1B71E8}"
EndProject
Project("{2150E333-8FDC-42A3-9474-1A3956D46DE8}") = "maf", "maf", "{321C3712-0216-4B20-8CBD-71FD16C2506D}"
EndProject
Project("{FAE04EC0-301F-11D3-BF4B-00C04F79EFBC}") = "KAgent.Core.Tests", "tests\KAgent.Core.Tests\KAgent.Core.Tests.csproj", "{0D0F82BC-0BE0-F821-B4AC-3CEA335323B0}"
EndProject
Project("{2150E333-8FDC-42A3-9474-1A3956D46DE8}") = "samples", "samples", "{5C11267D-42C8-4618-BA5F-C3048156190F}"
EndProject
Project("{FAE04EC0-301F-11D3-BF4B-00C04F79EFBC}") = "HelloWorld", "samples\hello-world\HelloWorld.csproj", "{7A638A72-0366-E341-0FBA-CC3DC70E3F94}"
EndProject
Project("{2150E333-8FDC-42A3-9474-1A3956D46DE8}") = "source", "source", "{4C3B72A8-B449-490F-A941-768E08B9902C}"
EndProject
Project("{2150E333-8FDC-42A3-9474-1A3956D46DE8}") = "tests", "tests", "{0AB3BF05-4346-4AA6-1389-037BE0695223}"
EndProject
Project("{FAE04EC0-301F-11D3-BF4B-00C04F79EFBC}") = "KAgent.MAF.Tests", "tests\KAgent.MAF.Tests\KAgent.MAF.Tests.csproj", "{CD5D4D6D-34E0-4373-B5DA-9892FDCBCA65}"
EndProject
Project("{2150E333-8FDC-42A3-9474-1A3956D46DE8}") = "kagent-maf", "kagent-maf", "{8AA83142-6DA8-D70F-6877-F568CECA7C47}"
EndProject
Project("{2150E333-8FDC-42A3-9474-1A3956D46DE8}") = "src", "src", "{532D1F6A-3D2B-3D4F-64A3-B928CE2BC9A0}"
EndProject
Global
	GlobalSection(SolutionConfigurationPlatforms) = preSolution
		Debug|Any CPU = Debug|Any CPU
		Debug|x64 = Debug|x64
		Debug|x86 = Debug|x86
		Release|Any CPU = Release|Any CPU
		Release|x64 = Release|x64
		Release|x86 = Release|x86
	EndGlobalSection
	GlobalSection(ProjectConfigurationPlatforms) = postSolution
		{954F3954-0DAD-31FF-359A-DDAAA541E211}.Debug|Any CPU.ActiveCfg = Debug|Any CPU
		{954F3954-0DAD-31FF-359A-DDAAA541E211}.Debug|Any CPU.Build.0 = Debug|Any CPU
		{954F3954-0DAD-31FF-359A-DDAAA541E211}.Debug|x64.ActiveCfg = Debug|Any CPU
		{954F3954-0DAD-31FF-359A-DDAAA541E211}.Debug|x64.Build.0 = Debug|Any CPU
		{954F3954-0DAD-31FF-359A-DDAAA541E211}.Debug|x86.ActiveCfg = Debug|Any CPU
		{954F3954-0DAD-31FF-359A-DDAAA541E211}.Debug|x86.Build.0 = Debug|Any CPU
		{954F3954-0DAD-31FF-359A-DDAAA541E211}.Release|Any CPU.ActiveCfg = Release|Any CPU
		{954F3954-0DAD-31FF-359A-DDAAA541E211}.Release|Any CPU.Build.0 = Release|Any CPU
		{954F3954-0DAD-31FF-359A-DDAAA541E211}.Release|x64.ActiveCfg = Release|Any CPU
		{954F3954-0DAD-31FF-359A-DDAAA541E211}.Release|x64.Build.0 = Release|Any CPU
		{954F3954-0DAD-31FF-359A-DDAAA541E211}.Release|x86.ActiveCfg = Release|Any CPU
		{954F3954-0DAD-31FF-359A-DDAAA541E211}.Release|x86.Build.0 = Release|Any CPU
		{D7DFDE30-488F-CE8B-D5C8-3671493B9C7D}.Debug|Any CPU.ActiveCfg = Debug|Any CPU
		{D7DFDE30-488F-CE8B-D5C8-3671493B9C7D}.Debug|Any CPU.Build.0 = Debug|Any CPU
		{D7DFDE30-488F-CE8B-D5C8-3671493B9C7D}.Debug|x64.ActiveCfg = Debug|Any CPU
		{D7DFDE30-488F-CE8B-D5C8-3671493B9C7D}.Debug|x64.Build.0 = Debug|Any CPU
		{D7DFDE30-488F-CE8B-D5C8-3671493B9C7D}.Debug|x86.ActiveCfg = Debug|Any CPU
		{D7DFDE30-488F-CE8B-D5C8-3671493B9C7D}.Debug|x86.Build.0 = Debug|Any CPU
		{D7DFDE30-488F-CE8B-D5C8-3671493B9C7D}.Release|Any CPU.ActiveCfg = Release|Any CPU
		{D7DFDE30-488F-CE8B-D5C8-3671493B9C7D}.Release|Any CPU.Build.0 = Release|Any CPU
		{D7DFDE30-488F-CE8B-D5C8-3671493B9C7D}.Release|x64.ActiveCfg = Release|Any CPU
		{D7DFDE30-488F-CE8B-D5C8-3671493B9C7D}.Release|x64.Build.0 = Release|Any CPU
		{D7DFDE30-488F-CE8B-D5C8-3671493B9C7D}.Release|x86.ActiveCfg = Release|Any CPU
		{D7DFDE30-488F-CE8B-D5C8-3671493B9C7D}.Release|x86.Build.0 = Release|Any CPU
		{0D0F82BC-0BE0-F821-B4AC-3CEA335323B0}.Debug|Any CPU.ActiveCfg = Debug|Any CPU
		{0D0F82BC-0BE0-F821-B4AC-3CEA335323B0}.Debug|Any CPU.Build.0 = Debug|Any CPU
		{0D0F82BC-0BE0-F821-B4AC-3CEA335323B0}.Debug|x64.ActiveCfg = Debug|Any CPU
		{0D0F82BC-0BE0-F821-B4AC-3CEA335323B0}.Debug|x64.Build.0 = Debug|Any CPU
		{0D0F82BC-0BE0-F821-B4AC-3CEA335323B0}.Debug|x86.ActiveCfg = Debug|Any CPU
		{0D0F82BC-0BE0-F821-B4AC-3CEA335323B0}.Debug|x86.Build.0 = Debug|Any CPU
		{0D0F82BC-0BE0-F821-B4AC-3CEA335323B0}.Release|Any CPU.ActiveCfg = Release|Any CPU
		{0D0F82BC-0BE0-F821-B4AC-3CEA335323B0}.Release|Any CPU.Build.0 = Release|Any CPU
		{0D0F82BC-0BE0-F821-B4AC-3CEA335323B0}.Release|x64.ActiveCfg = Release|Any CPU
		{0D0F82BC-0BE0-F821-B4AC-3CEA335323B0}.Release|x64.Build.0 = Release|Any CPU
		{0D0F82BC-0BE0-F821-B4AC-3CEA335323B0}.Release|x86.ActiveCfg = Release|Any CPU
		{0D0F82BC-0BE0-F821-B4AC-3CEA335323B0}.Release|x86.Build.0 = Release|Any CPU
		{7A638A72-0366-E341-0FBA-CC3DC70E3F94}.Debug|Any CPU.ActiveCfg = Debug|Any CPU
		{7A638A72-0366-E341-0FBA-CC3DC70E3F94}.Debug|Any CPU.Build.0 = Debug|Any CPU
		{7A638A72-0366-E341-0FBA-CC3DC70E3F94}.Debug|x64.ActiveCfg = Debug|Any CPU
		{7A638A72-0366-E341-0FBA-CC3DC70E3F94}.Debug|x64.Build.0 = Debug|Any CPU
		{7A638A72-0366-E341-0FBA-CC3DC70E3F94}.Debug|x86.ActiveCfg = Debug|Any CPU
		{7A638A72-0366-E341-0FBA-CC3DC70E3F94}.Debug|x86.Build.0 = Debug|Any CPU
		{7A638A72-0366-E341-0FBA-CC3DC70E3F94}.Release|Any CPU.ActiveCfg = Release|Any CPU
		{7A638A72-0366-E341-0FBA-CC3DC70E3F94}.Release|Any CPU.Build.0 = Release|Any CPU
		{7A638A72-0366-E341-0FBA-CC3DC70E3F94}.Release|x64.ActiveCfg = Release|Any CPU
		{7A638A72-0366-E341-0FBA-CC3DC70E3F94}.Release|x64.Build.0 = Release|Any CPU
		{7A638A72-0366-E341-0FBA-CC3DC70E3F94}.Release|x86.ActiveCfg = Release|Any CPU
		{7A638A72-0366-E341-0FBA-CC3DC70E3F94}.Release|x86.Build.0 = Release|Any CPU
		{CD5D4D6D-34E0-4373-B5DA-9892FDCBCA65}.Debug|Any CPU.ActiveCfg = Debug|Any CPU
		{CD5D4D6D-34E0-4373-B5DA-9892FDCBCA65}.Debug|Any CPU.Build.0 = Debug|Any CPU
		{CD5D4D6D-34E0-4373-B5DA-9892FDCBCA65}.Debug|x64.ActiveCfg = Debug|Any CPU
		{CD5D4D6D-34E0-4373-B5DA-9892FDCBCA65}.Debug|x64.Build.0 = Debug|Any CPU
		{CD5D4D6D-34E0-4373-B5DA-9892FDCBCA65}.Debug|x86.ActiveCfg = Debug|Any CPU
		{CD5D4D6D-34E0-4373-B5DA-9892FDCBCA65}.Debug|x86.Build.0 = Debug|Any CPU
		{CD5D4D6D-34E0-4373-B5DA-9892FDCBCA65}.Release|Any CPU.ActiveCfg = Release|Any CPU
		{CD5D4D6D-34E0-4373-B5DA-9892FDCBCA65}.Release|Any CPU.Build.0 = Release|Any CPU
		{CD5D4D6D-34E0-4373-B5DA-9892FDCBCA65}.Release|x64.ActiveCfg = Release|Any CPU
		{CD5D4D6D-34E0-4373-B5DA-9892FDCBCA65}.Release|x64.Build.0 = Release|Any CPU
		{CD5D4D6D-34E0-4373-B5DA-9892FDCBCA65}.Release|x86.ActiveCfg = Release|Any CPU
		{CD5D4D6D-34E0-4373-B5DA-9892FDCBCA65}.Release|x86.Build.0 = Release|Any CPU
	EndGlobalSection
	GlobalSection(SolutionProperties) = preSolution
		HideSolutionNode = FALSE
	EndGlobalSection
	GlobalSection(NestedProjects) = preSolution
		{954F3954-0DAD-31FF-359A-DDAAA541E211} = {4C3B72A8-B449-490F-A941-768E08B9902C}
		{D7DFDE30-488F-CE8B-D5C8-3671493B9C7D} = {02EA681E-C7D8-13C7-8484-4AC65E1B71E8}
		{0D0F82BC-0BE0-F821-B4AC-3CEA335323B0} = {02EA681E-C7D8-13C7-8484-4AC65E1B71E8}
		{5C11267D-42C8-4618-BA5F-C3048156190F} = {321C3712-0216-4B20-8CBD-71FD16C2506D}
		{7A638A72-0366-E341-0FBA-CC3DC70E3F94} = {5C11267D-42C8-4618-BA5F-C3048156190F}
		{4C3B72A8-B449-490F-A941-768E08B9902C} = {321C3712-0216-4B20-8CBD-71FD16C2506D}
		{CD5D4D6D-34E0-4373-B5DA-9892FDCBCA65} = {0AB3BF05-4346-4AA6-1389-037BE0695223}
		{532D1F6A-3D2B-3D4F-64A3-B928CE2BC9A0} = {8AA83142-6DA8-D70F-6877-F568CECA7C47}
	EndGlobalSection
	GlobalSection(ExtensibilityGlobals) = postSolution
		SolutionGuid = {89D76808-6555-4701-BD1A-301BF0A0B41E}
	EndGlobalSection
EndGlobal
